
Microsoft Visual Studio Solution File, Format Version 12.00
# Visual Studio Version 17
VisualStudioVersion = 17.1.32210.238
MinimumVisualStudioVersion = 10.0.40219.1
Project("{FAE04EC0-301F-11D3-BF4B-00C04F79EFBC}") = "Курсачёк__Графы", "Курсачёк__Графы\Курсачёк__Графы.csproj", "{374231CB-FBAA-4ED4-B4E3-10D1751CCABC}"
EndProject
Global
	GlobalSection(SolutionConfigurationPlatforms) = preSolution
		Debug|Any CPU = Debug|Any CPU
		Release|Any CPU = Release|Any CPU
	EndGlobalSection
	GlobalSection(ProjectConfigurationPlatforms) = postSolution
		{374231CB-FBAA-4ED4-B4E3-10D1751CCABC}.Debug|Any CPU.ActiveCfg = Debug|Any CPU
		{374231CB-FBAA-4ED4-B4E3-10D1751CCABC}.Debug|Any CPU.Build.0 = Debug|Any CPU
		{374231CB-FBAA-4ED4-B4E3-10D1751CCABC}.Release|Any CPU.ActiveCfg = Release|Any CPU
		{374231CB-FBAA-4ED4-B4E3-10D1751CCABC}.Release|Any CPU.Build.0 = Release|Any CPU
	EndGlobalSection
	GlobalSection(SolutionProperties) = preSolution
		HideSolutionNode = FALSE
	EndGlobalSection
	GlobalSection(ExtensibilityGlobals) = postSolution
		SolutionGuid = {20D8C805-EB66-4CF9-81F4-B58CED60EE3A}
	EndGlobalSection
EndGlobal
